<Solution>
  <Project Path="TheBleedingDeacons.Intergroup.Hand/TheBleedingDeacons.Intergroup.Hand.csproj" />
  <Project Path="TheBleedingDeacons.Intergroup.Hand.Core/TheBleedingDeacons.Intergroup.Hand.Core.csproj" />
  <Project Path="TheBleedingDeacons.Intergroup.Hand.NotificationService/TheBleedingDeacons.Intergroup.Hand.NotificationService.csproj" />
  <Project Path="TheBleedingDeacons.Intergroup.Hand.Tests/TheBleedingDeacons.Intergroup.Hand.Tests.csproj" />
</Solution>
